// !$*UTF8*$!
{
	archiveVersion = 1;
	classes = {
	};
	objectVersion = 56;
	objects = {

/* Begin PBXBuildFile section */
		D53264162A91860300398289 /* BottomSheet in Frameworks */ = {isa = PBXBuildFile; productRef = D53264152A91860300398289 /* BottomSheet */; };
		D53264182A91881600398289 /* ForecastView.swift in Sources */ = {isa = PBXBuildFile; fileRef = D53264172A91881600398289 /* ForecastView.swift */; };
		D532641A2A918C8E00398289 /* Blur.swift in Sources */ = {isa = PBXBuildFile; fileRef = D53264192A918C8E00398289 /* Blur.swift */; };
		D532641C2A9199C100398289 /* SegmentedControl.swift in Sources */ = {isa = PBXBuildFile; fileRef = D532641B2A9199C100398289 /* SegmentedControl.swift */; };
		D532641E2A919D8700398289 /* ForecastModel.swift in Sources */ = {isa = PBXBuildFile; fileRef = D532641D2A919D8700398289 /* ForecastModel.swift */; };
		D53264202A919EE900398289 /* ForecastCard.swift in Sources */ = {isa = PBXBuildFile; fileRef = D532641F2A919EE900398289 /* ForecastCard.swift */; };
		D5E7C3112A90B6C1005F8FDA /* swift_weather_appApp.swift in Sources */ = {isa = PBXBuildFile; fileRef = D5E7C3102A90B6C1005F8FDA /* swift_weather_appApp.swift */; };
		D5E7C3132A90B6C1005F8FDA /* ContentView.swift in Sources */ = {isa = PBXBuildFile; fileRef = D5E7C3122A90B6C1005F8FDA /* ContentView.swift */; };
		D5E7C3152A90B6C5005F8FDA /* Assets.xcassets in Resources */ = {isa = PBXBuildFile; fileRef = D5E7C3142A90B6C5005F8FDA /* Assets.xcassets */; };
		D5E7C3182A90B6C5005F8FDA /* Preview Assets.xcassets in Resources */ = {isa = PBXBuildFile; fileRef = D5E7C3172A90B6C5005F8FDA /* Preview Assets.xcassets */; };
		D5E7C3262A914BAA005F8FDA /* Extensions.swift in Sources */ = {isa = PBXBuildFile; fileRef = D5E7C3252A914BAA005F8FDA /* Extensions.swift */; };
		D5E7C3282A914D90005F8FDA /* HomeView.swift in Sources */ = {isa = PBXBuildFile; fileRef = D5E7C3272A914D90005F8FDA /* HomeView.swift */; };
		D5E7C32A2A915362005F8FDA /* TabBar.swift in Sources */ = {isa = PBXBuildFile; fileRef = D5E7C3292A915362005F8FDA /* TabBar.swift */; };
		D5E7C32C2A917E02005F8FDA /* Shapes.swift in Sources */ = {isa = PBXBuildFile; fileRef = D5E7C32B2A917E02005F8FDA /* Shapes.swift */; };
/* End PBXBuildFile section */

/* Begin PBXFileReference section */
		D53264172A91881600398289 /* ForecastView.swift */ = {isa = PBXFileReference; lastKnownFileType = sourcecode.swift; path = ForecastView.swift; sourceTree = "<group>"; };
		D53264192A918C8E00398289 /* Blur.swift */ = {isa = PBXFileReference; lastKnownFileType = sourcecode.swift; path = Blur.swift; sourceTree = "<group>"; };
		D532641B2A9199C100398289 /* SegmentedControl.swift */ = {isa = PBXFileReference; lastKnownFileType = sourcecode.swift; path = SegmentedControl.swift; sourceTree = "<group>"; };
		D532641D2A919D8700398289 /* ForecastModel.swift */ = {isa = PBXFileReference; lastKnownFileType = sourcecode.swift; path = ForecastModel.swift; sourceTree = "<group>"; };
		D532641F2A919EE900398289 /* ForecastCard.swift */ = {isa = PBXFileReference; lastKnownFileType = sourcecode.swift; path = ForecastCard.swift; sourceTree = "<group>"; };
		D5E7C30D2A90B6C1005F8FDA /* swift-weather-app.app */ = {isa = PBXFileReference; explicitFileType = wrapper.application; includeInIndex = 0; path = "swift-weather-app.app"; sourceTree = BUILT_PRODUCTS_DIR; };
		D5E7C3102A90B6C1005F8FDA /* swift_weather_appApp.swift */ = {isa = PBXFileReference; lastKnownFileType = sourcecode.swift; path = swift_weather_appApp.swift; sourceTree = "<group>"; };
		D5E7C3122A90B6C1005F8FDA /* ContentView.swift */ = {isa = PBXFileReference; lastKnownFileType = sourcecode.swift; path = ContentView.swift; sourceTree = "<group>"; };
		D5E7C3142A90B6C5005F8FDA /* Assets.xcassets */ = {isa = PBXFileReference; lastKnownFileType = folder.assetcatalog; path = Assets.xcassets; sourceTree = "<group>"; };
		D5E7C3172A90B6C5005F8FDA /* Preview Assets.xcassets */ = {isa = PBXFileReference; lastKnownFileType = folder.assetcatalog; path = "Preview Assets.xcassets"; sourceTree = "<group>"; };
		D5E7C3252A914BAA005F8FDA /* Extensions.swift */ = {isa = PBXFileReference; lastKnownFileType = sourcecode.swift; path = Extensions.swift; sourceTree = "<group>"; };
		D5E7C3272A914D90005F8FDA /* HomeView.swift */ = {isa = PBXFileReference; lastKnownFileType = sourcecode.swift; path = HomeView.swift; sourceTree = "<group>"; };
		D5E7C3292A915362005F8FDA /* TabBar.swift */ = {isa = PBXFileReference; lastKnownFileType = sourcecode.swift; path = TabBar.swift; sourceTree = "<group>"; };
		D5E7C32B2A917E02005F8FDA /* Shapes.swift */ = {isa = PBXFileReference; lastKnownFileType = sourcecode.swift; path = Shapes.swift; sourceTree = "<group>"; };
/* End PBXFileReference section */

/* Begin PBXFrameworksBuildPhase section */
		D5E7C30A2A90B6C1005F8FDA /* Frameworks */ = {
			isa = PBXFrameworksBuildPhase;
			buildActionMask = 2147483647;
			files = (
				D53264162A91860300398289 /* BottomSheet in Frameworks */,
			);
			runOnlyForDeploymentPostprocessing = 0;
		};
/* End PBXFrameworksBuildPhase section */

/* Begin PBXGroup section */
		D5E7C3042A90B6C1005F8FDA = {
			isa = PBXGroup;
			children = (
				D5E7C30F2A90B6C1005F8FDA /* swift-weather-app */,
				D5E7C30E2A90B6C1005F8FDA /* Products */,
			);
			sourceTree = "<group>";
		};
		D5E7C30E2A90B6C1005F8FDA /* Products */ = {
			isa = PBXGroup;
			children = (
				D5E7C30D2A90B6C1005F8FDA /* swift-weather-app.app */,
			);
			name = Products;
			sourceTree = "<group>";
		};
		D5E7C30F2A90B6C1005F8FDA /* swift-weather-app */ = {
			isa = PBXGroup;
			children = (
				D5E7C3102A90B6C1005F8FDA /* swift_weather_appApp.swift */,
				D5E7C31E2A914AE9005F8FDA /* Views */,
				D5E7C31F2A914AF0005F8FDA /* Models */,
				D5E7C3202A914AF7005F8FDA /* Utils */,
				D5E7C3142A90B6C5005F8FDA /* Assets.xcassets */,
				D5E7C3162A90B6C5005F8FDA /* Preview Content */,
			);
			path = "swift-weather-app";
			sourceTree = "<group>";
		};
		D5E7C3162A90B6C5005F8FDA /* Preview Content */ = {
			isa = PBXGroup;
			children = (
				D5E7C3172A90B6C5005F8FDA /* Preview Assets.xcassets */,
			);
			path = "Preview Content";
			sourceTree = "<group>";
		};
		D5E7C31E2A914AE9005F8FDA /* Views */ = {
			isa = PBXGroup;
			children = (
				D5E7C3212A914B2A005F8FDA /* Main */,
				D5E7C3232A914B3C005F8FDA /* Detail */,
				D5E7C3222A914B30005F8FDA /* Navigation */,
				D5E7C3242A914B43005F8FDA /* Components */,
			);
			path = Views;
			sourceTree = "<group>";
		};
		D5E7C31F2A914AF0005F8FDA /* Models */ = {
			isa = PBXGroup;
			children = (
				D532641D2A919D8700398289 /* ForecastModel.swift */,
			);
			path = Models;
			sourceTree = "<group>";
		};
		D5E7C3202A914AF7005F8FDA /* Utils */ = {
			isa = PBXGroup;
			children = (
				D5E7C3252A914BAA005F8FDA /* Extensions.swift */,
				D5E7C32B2A917E02005F8FDA /* Shapes.swift */,
			);
			path = Utils;
			sourceTree = "<group>";
		};
		D5E7C3212A914B2A005F8FDA /* Main */ = {
			isa = PBXGroup;
			children = (
				D5E7C3122A90B6C1005F8FDA /* ContentView.swift */,
				D5E7C3272A914D90005F8FDA /* HomeView.swift */,
			);
			path = Main;
			sourceTree = "<group>";
		};
		D5E7C3222A914B30005F8FDA /* Navigation */ = {
			isa = PBXGroup;
			children = (
				D5E7C3292A915362005F8FDA /* TabBar.swift */,
			);
			path = Navigation;
			sourceTree = "<group>";
		};
		D5E7C3232A914B3C005F8FDA /* Detail */ = {
			isa = PBXGroup;
			children = (
				D53264172A91881600398289 /* ForecastView.swift */,
			);
			path = Detail;
			sourceTree = "<group>";
		};
		D5E7C3242A914B43005F8FDA /* Components */ = {
			isa = PBXGroup;
			children = (
				D53264192A918C8E00398289 /* Blur.swift */,
				D532641B2A9199C100398289 /* SegmentedControl.swift */,
				D532641F2A919EE900398289 /* ForecastCard.swift */,
			);
			path = Components;
			sourceTree = "<group>";
		};
/* End PBXGroup section */

/* Begin PBXNativeTarget section */
		D5E7C30C2A90B6C1005F8FDA /* swift-weather-app */ = {
			isa = PBXNativeTarget;
			buildConfigurationList = D5E7C31B2A90B6C5005F8FDA /* Build configuration list for PBXNativeTarget "swift-weather-app" */;
			buildPhases = (
				D5E7C3092A90B6C1005F8FDA /* Sources */,
				D5E7C30A2A90B6C1005F8FDA /* Frameworks */,
				D5E7C30B2A90B6C1005F8FDA /* Resources */,
			);
			buildRules = (
			);
			dependencies = (
			);
			name = "swift-weather-app";
			packageProductDependencies = (
				D53264152A91860300398289 /* BottomSheet */,
			);
			productName = "swift-weather-app";
			productReference = D5E7C30D2A90B6C1005F8FDA /* swift-weather-app.app */;
			productType = "com.apple.product-type.application";
		};
/* End PBXNativeTarget section */

/* Begin PBXProject section */
		D5E7C3052A90B6C1005F8FDA /* Project object */ = {
			isa = PBXProject;
			attributes = {
				BuildIndependentTargetsInParallel = 1;
				LastSwiftUpdateCheck = 1430;
				LastUpgradeCheck = 1430;
				TargetAttributes = {
					D5E7C30C2A90B6C1005F8FDA = {
						CreatedOnToolsVersion = 14.3.1;
					};
				};
			};
			buildConfigurationList = D5E7C3082A90B6C1005F8FDA /* Build configuration list for PBXProject "swift-weather-app" */;
			compatibilityVersion = "Xcode 14.0";
			developmentRegion = en;
			hasScannedForEncodings = 0;
			knownRegions = (
				en,
				Base,
			);
			mainGroup = D5E7C3042A90B6C1005F8FDA;
			packageReferences = (
				D53264142A91860300398289 /* XCRemoteSwiftPackageReference "BottomSheet" */,
			);
			productRefGroup = D5E7C30E2A90B6C1005F8FDA /* Products */;
			projectDirPath = "";
			projectRoot = "";
			targets = (
				D5E7C30C2A90B6C1005F8FDA /* swift-weather-app */,
			);
		};
/* End PBXProject section */

/* Begin PBXResourcesBuildPhase section */
		D5E7C30B2A90B6C1005F8FDA /* Resources */ = {
			isa = PBXResourcesBuildPhase;
			buildActionMask = 2147483647;
			files = (
				D5E7C3182A90B6C5005F8FDA /* Preview Assets.xcassets in Resources */,
				D5E7C3152A90B6C5005F8FDA /* Assets.xcassets in Resources */,
			);
			runOnlyForDeploymentPostprocessing = 0;
		};
/* End PBXResourcesBuildPhase section */

/* Begin PBXSourcesBuildPhase section */
		D5E7C3092A90B6C1005F8FDA /* Sources */ = {
			isa = PBXSourcesBuildPhase;
			buildActionMask = 2147483647;
			files = (
				D53264202A919EE900398289 /* ForecastCard.swift in Sources */,
				D5E7C3132A90B6C1005F8FDA /* ContentView.swift in Sources */,
				D532641C2A9199C100398289 /* SegmentedControl.swift in Sources */,
				D5E7C3282A914D90005F8FDA /* HomeView.swift in Sources */,
				D532641A2A918C8E00398289 /* Blur.swift in Sources */,
				D5E7C3262A914BAA005F8FDA /* Extensions.swift in Sources */,
				D5E7C3112A90B6C1005F8FDA /* swift_weather_appApp.swift in Sources */,
				D53264182A91881600398289 /* ForecastView.swift in Sources */,
				D5E7C32A2A915362005F8FDA /* TabBar.swift in Sources */,
				D532641E2A919D8700398289 /* ForecastModel.swift in Sources */,
				D5E7C32C2A917E02005F8FDA /* Shapes.swift in Sources */,
			);
			runOnlyForDeploymentPostprocessing = 0;
		};
/* End PBXSourcesBuildPhase section */

/* Begin XCBuildConfiguration section */
		D5E7C3192A90B6C5005F8FDA /* Debug */ = {
			isa = XCBuildConfiguration;
			buildSettings = {
				ALWAYS_SEARCH_USER_PATHS = NO;
				CLANG_ANALYZER_NONNULL = YES;
				CLANG_ANALYZER_NUMBER_OBJECT_CONVERSION = YES_AGGRESSIVE;
				CLANG_CXX_LANGUAGE_STANDARD = "gnu++20";
				CLANG_ENABLE_MODULES = YES;
				CLANG_ENABLE_OBJC_ARC = YES;
				CLANG_ENABLE_OBJC_WEAK = YES;
				CLANG_WARN_BLOCK_CAPTURE_AUTORELEASING = YES;
				CLANG_WARN_BOOL_CONVERSION = YES;
				CLANG_WARN_COMMA = YES;
				CLANG_WARN_CONSTANT_CONVERSION = YES;
				CLANG_WARN_DEPRECATED_OBJC_IMPLEMENTATIONS = YES;
				CLANG_WARN_DIRECT_OBJC_ISA_USAGE = YES_ERROR;
				CLANG_WARN_DOCUMENTATION_COMMENTS = YES;
				CLANG_WARN_EMPTY_BODY = YES;
				CLANG_WARN_ENUM_CONVERSION = YES;
				CLANG_WARN_INFINITE_RECURSION = YES;
				CLANG_WARN_INT_CONVERSION = YES;
				CLANG_WARN_NON_LITERAL_NULL_CONVERSION = YES;
				CLANG_WARN_OBJC_IMPLICIT_RETAIN_SELF = YES;
				CLANG_WARN_OBJC_LITERAL_CONVERSION = YES;
				CLANG_WARN_OBJC_ROOT_CLASS = YES_ERROR;
				CLANG_WARN_QUOTED_INCLUDE_IN_FRAMEWORK_HEADER = YES;
				CLANG_WARN_RANGE_LOOP_ANALYSIS = YES;
				CLANG_WARN_STRICT_PROTOTYPES = YES;
				CLANG_WARN_SUSPICIOUS_MOVE = YES;
				CLANG_WARN_UNGUARDED_AVAILABILITY = YES_AGGRESSIVE;
				CLANG_WARN_UNREACHABLE_CODE = YES;
				CLANG_WARN__DUPLICATE_METHOD_MATCH = YES;
				COPY_PHASE_STRIP = NO;
				DEBUG_INFORMATION_FORMAT = dwarf;
				ENABLE_STRICT_OBJC_MSGSEND = YES;
				ENABLE_TESTABILITY = YES;
				GCC_C_LANGUAGE_STANDARD = gnu11;
				GCC_DYNAMIC_NO_PIC = NO;
				GCC_NO_COMMON_BLOCKS = YES;
				GCC_OPTIMIZATION_LEVEL = 0;
				GCC_PREPROCESSOR_DEFINITIONS = (
					"DEBUG=1",
					"$(inherited)",
				);
				GCC_WARN_64_TO_32_BIT_CONVERSION = YES;
				GCC_WARN_ABOUT_RETURN_TYPE = YES_ERROR;
				GCC_WARN_UNDECLARED_SELECTOR = YES;
				GCC_WARN_UNINITIALIZED_AUTOS = YES_AGGRESSIVE;
				GCC_WARN_UNUSED_FUNCTION = YES;
				GCC_WARN_UNUSED_VARIABLE = YES;
				IPHONEOS_DEPLOYMENT_TARGET = 16.4;
				MTL_ENABLE_DEBUG_INFO = INCLUDE_SOURCE;
				MTL_FAST_MATH = YES;
				ONLY_ACTIVE_ARCH = YES;
				SDKROOT = iphoneos;
				SWIFT_ACTIVE_COMPILATION_CONDITIONS = DEBUG;
				SWIFT_OPTIMIZATION_LEVEL = "-Onone";
			};
			name = Debug;
		};
		D5E7C31A2A90B6C5005F8FDA /* Release */ = {
			isa = XCBuildConfiguration;
			buildSettings = {
				ALWAYS_SEARCH_USER_PATHS = NO;
				CLANG_ANALYZER_NONNULL = YES;
				CLANG_ANALYZER_NUMBER_OBJECT_CONVERSION = YES_AGGRESSIVE;
				CLANG_CXX_LANGUAGE_STANDARD = "gnu++20";
				CLANG_ENABLE_MODULES = YES;
				CLANG_ENABLE_OBJC_ARC = YES;
				CLANG_ENABLE_OBJC_WEAK = YES;
				CLANG_WARN_BLOCK_CAPTURE_AUTORELEASING = YES;
				CLANG_WARN_BOOL_CONVERSION = YES;
				CLANG_WARN_COMMA = YES;
				CLANG_WARN_CONSTANT_CONVERSION = YES;
				CLANG_WARN_DEPRECATED_OBJC_IMPLEMENTATIONS = YES;
				CLANG_WARN_DIRECT_OBJC_ISA_USAGE = YES_ERROR;
				CLANG_WARN_DOCUMENTATION_COMMENTS = YES;
				CLANG_WARN_EMPTY_BODY = YES;
				CLANG_WARN_ENUM_CONVERSION = YES;
				CLANG_WARN_INFINITE_RECURSION = YES;
				CLANG_WARN_INT_CONVERSION = YES;
				CLANG_WARN_NON_LITERAL_NULL_CONVERSION = YES;
				CLANG_WARN_OBJC_IMPLICIT_RETAIN_SELF = YES;
				CLANG_WARN_OBJC_LITERAL_CONVERSION = YES;
				CLANG_WARN_OBJC_ROOT_CLASS = YES_ERROR;
				CLANG_WARN_QUOTED_INCLUDE_IN_FRAMEWORK_HEADER = YES;
				CLANG_WARN_RANGE_LOOP_ANALYSIS = YES;
				CLANG_WARN_STRICT_PROTOTYPES = YES;
				CLANG_WARN_SUSPICIOUS_MOVE = YES;
				CLANG_WARN_UNGUARDED_AVAILABILITY = YES_AGGRESSIVE;
				CLANG_WARN_UNREACHABLE_CODE = YES;
				CLANG_WARN__DUPLICATE_METHOD_MATCH = YES;
				COPY_PHASE_STRIP = NO;
				DEBUG_INFORMATION_FORMAT = "dwarf-with-dsym";
				ENABLE_NS_ASSERTIONS = NO;
				ENABLE_STRICT_OBJC_MSGSEND = YES;
				GCC_C_LANGUAGE_STANDARD = gnu11;
				GCC_NO_COMMON_BLOCKS = YES;
				GCC_WARN_64_TO_32_BIT_CONVERSION = YES;
				GCC_WARN_ABOUT_RETURN_TYPE = YES_ERROR;
				GCC_WARN_UNDECLARED_SELECTOR = YES;
				GCC_WARN_UNINITIALIZED_AUTOS = YES_AGGRESSIVE;
				GCC_WARN_UNUSED_FUNCTION = YES;
				GCC_WARN_UNUSED_VARIABLE = YES;
				IPHONEOS_DEPLOYMENT_TARGET = 16.4;
				MTL_ENABLE_DEBUG_INFO = NO;
				MTL_FAST_MATH = YES;
				SDKROOT = iphoneos;
				SWIFT_COMPILATION_MODE = wholemodule;
				SWIFT_OPTIMIZATION_LEVEL = "-O";
				VALIDATE_PRODUCT = YES;
			};
			name = Release;
		};
		D5E7C31C2A90B6C5005F8FDA /* Debug */ = {
			isa = XCBuildConfiguration;
			buildSettings = {
				ASSETCATALOG_COMPILER_APPICON_NAME = AppIcon;
				ASSETCATALOG_COMPILER_GLOBAL_ACCENT_COLOR_NAME = AccentColor;
				CODE_SIGN_STYLE = Automatic;
				CURRENT_PROJECT_VERSION = 1;
				DEVELOPMENT_ASSET_PATHS = "\"swift-weather-app/Preview Content\"";
				DEVELOPMENT_TEAM = 45FBNKR837;
				ENABLE_PREVIEWS = YES;
				GENERATE_INFOPLIST_FILE = YES;
				INFOPLIST_KEY_UIApplicationSceneManifest_Generation = YES;
				INFOPLIST_KEY_UIApplicationSupportsIndirectInputEvents = YES;
				INFOPLIST_KEY_UILaunchScreen_Generation = YES;
				INFOPLIST_KEY_UISupportedInterfaceOrientations_iPad = "UIInterfaceOrientationPortrait UIInterfaceOrientationPortraitUpsideDown UIInterfaceOrientationLandscapeLeft UIInterfaceOrientationLandscapeRight";
				INFOPLIST_KEY_UISupportedInterfaceOrientations_iPhone = "UIInterfaceOrientationPortrait UIInterfaceOrientationLandscapeLeft UIInterfaceOrientationLandscapeRight";
				LD_RUNPATH_SEARCH_PATHS = (
					"$(inherited)",
					"@executable_path/Frameworks",
				);
				MARKETING_VERSION = 1.0;
				PRODUCT_BUNDLE_IDENTIFIER = "kcalixto.swift-weather-app";
				PRODUCT_NAME = "$(TARGET_NAME)";
				SWIFT_EMIT_LOC_STRINGS = YES;
				SWIFT_VERSION = 5.0;
				TARGETED_DEVICE_FAMILY = "1,2";
			};
			name = Debug;
		};
		D5E7C31D2A90B6C5005F8FDA /* Release */ = {
			isa = XCBuildConfiguration;
			buildSettings = {
				ASSETCATALOG_COMPILER_APPICON_NAME = AppIcon;
				ASSETCATALOG_COMPILER_GLOBAL_ACCENT_COLOR_NAME = AccentColor;
				CODE_SIGN_STYLE = Automatic;
				CURRENT_PROJECT_VERSION = 1;
				DEVELOPMENT_ASSET_PATHS = "\"swift-weather-app/Preview Content\"";
				DEVELOPMENT_TEAM = 45FBNKR837;
				ENABLE_PREVIEWS = YES;
				GENERATE_INFOPLIST_FILE = YES;
				INFOPLIST_KEY_UIApplicationSceneManifest_Generation = YES;
				INFOPLIST_KEY_UIApplicationSupportsIndirectInputEvents = YES;
				INFOPLIST_KEY_UILaunchScreen_Generation = YES;
				INFOPLIST_KEY_UISupportedInterfaceOrientations_iPad = "UIInterfaceOrientationPortrait UIInterfaceOrientationPortraitUpsideDown UIInterfaceOrientationLandscapeLeft UIInterfaceOrientationLandscapeRight";
				INFOPLIST_KEY_UISupportedInterfaceOrientations_iPhone = "UIInterfaceOrientationPortrait UIInterfaceOrientationLandscapeLeft UIInterfaceOrientationLandscapeRight";
				LD_RUNPATH_SEARCH_PATHS = (
					"$(inherited)",
					"@executable_path/Frameworks",
				);
				MARKETING_VERSION = 1.0;
				PRODUCT_BUNDLE_IDENTIFIER = "kcalixto.swift-weather-app";
				PRODUCT_NAME = "$(TARGET_NAME)";
				SWIFT_EMIT_LOC_STRINGS = YES;
				SWIFT_VERSION = 5.0;
				TARGETED_DEVICE_FAMILY = "1,2";
			};
			name = Release;
		};
/* End XCBuildConfiguration section */

/* Begin XCConfigurationList section */
		D5E7C3082A90B6C1005F8FDA /* Build configuration list for PBXProject "swift-weather-app" */ = {
			isa = XCConfigurationList;
			buildConfigurations = (
				D5E7C3192A90B6C5005F8FDA /* Debug */,
				D5E7C31A2A90B6C5005F8FDA /* Release */,
			);
			defaultConfigurationIsVisible = 0;
			defaultConfigurationName = Release;
		};
		D5E7C31B2A90B6C5005F8FDA /* Build configuration list for PBXNativeTarget "swift-weather-app" */ = {
			isa = XCConfigurationList;
			buildConfigurations = (
				D5E7C31C2A90B6C5005F8FDA /* Debug */,
				D5E7C31D2A90B6C5005F8FDA /* Release */,
			);
			defaultConfigurationIsVisible = 0;
			defaultConfigurationName = Release;
		};
/* End XCConfigurationList section */

/* Begin XCRemoteSwiftPackageReference section */
		D53264142A91860300398289 /* XCRemoteSwiftPackageReference "BottomSheet" */ = {
			isa = XCRemoteSwiftPackageReference;
			repositoryURL = "git@github.com:Wouter125/BottomSheet.git";
			requirement = {
				kind = exactVersion;
				version = 1.4.5;
			};
		};
/* End XCRemoteSwiftPackageReference section */

/* Begin XCSwiftPackageProductDependency section */
		D53264152A91860300398289 /* BottomSheet */ = {
			isa = XCSwiftPackageProductDependency;
			package = D53264142A91860300398289 /* XCRemoteSwiftPackageReference "BottomSheet" */;
			productName = BottomSheet;
		};
/* End XCSwiftPackageProductDependency section */
	};
	rootObject = D5E7C3052A90B6C1005F8FDA /* Project object */;
}
